// !$*UTF8*$!
{
	archiveVersion = 1;
	classes = {
	};
	objectVersion = 55;
	objects = {

/* Begin PBXBuildFile section */
		72D2915D27B5731200CCCC81 /* AppDelegate.swift in Sources */ = {isa = PBXBuildFile; fileRef = 72D2915C27B5731200CCCC81 /* AppDelegate.swift */; };
		72D2915F27B5731200CCCC81 /* SceneDelegate.swift in Sources */ = {isa = PBXBuildFile; fileRef = 72D2915E27B5731200CCCC81 /* SceneDelegate.swift */; };
		72D2916127B5731200CCCC81 /* ViewController.swift in Sources */ = {isa = PBXBuildFile; fileRef = 72D2916027B5731200CCCC81 /* ViewController.swift */; };
		72D2916427B5731200CCCC81 /* Main.storyboard in Resources */ = {isa = PBXBuildFile; fileRef = 72D2916227B5731200CCCC81 /* Main.storyboard */; };
		72D2916627B5731400CCCC81 /* Assets.xcassets in Resources */ = {isa = PBXBuildFile; fileRef = 72D2916527B5731400CCCC81 /* Assets.xcassets */; };
		72D2916927B5731400CCCC81 /* LaunchScreen.storyboard in Resources */ = {isa = PBXBuildFile; fileRef = 72D2916727B5731400CCCC81 /* LaunchScreen.storyboard */; };
		72D2917427B5731400CCCC81 /* WaterProgressBarTests.swift in Sources */ = {isa = PBXBuildFile; fileRef = 72D2917327B5731400CCCC81 /* WaterProgressBarTests.swift */; };
		72D2917E27B5731400CCCC81 /* WaterProgressBarUITests.swift in Sources */ = {isa = PBXBuildFile; fileRef = 72D2917D27B5731400CCCC81 /* WaterProgressBarUITests.swift */; };
		72D2918027B5731400CCCC81 /* WaterProgressBarUITestsLaunchTests.swift in Sources */ = {isa = PBXBuildFile; fileRef = 72D2917F27B5731400CCCC81 /* WaterProgressBarUITestsLaunchTests.swift */; };
/* End PBXBuildFile section */

/* Begin PBXContainerItemProxy section */
		72D2917027B5731400CCCC81 /* PBXContainerItemProxy */ = {
			isa = PBXContainerItemProxy;
			containerPortal = 72D2915127B5731100CCCC81 /* Project object */;
			proxyType = 1;
			remoteGlobalIDString = 72D2915827B5731200CCCC81;
			remoteInfo = WaterProgressBar;
		};
		72D2917A27B5731400CCCC81 /* PBXContainerItemProxy */ = {
			isa = PBXContainerItemProxy;
			containerPortal = 72D2915127B5731100CCCC81 /* Project object */;
			proxyType = 1;
			remoteGlobalIDString = 72D2915827B5731200CCCC81;
			remoteInfo = WaterProgressBar;
		};
/* End PBXContainerItemProxy section */

/* Begin PBXFileReference section */
		72D2915927B5731200CCCC81 /* WaterProgressBar.app */ = {isa = PBXFileReference; explicitFileType = wrapper.application; includeInIndex = 0; path = WaterProgressBar.app; sourceTree = BUILT_PRODUCTS_DIR; };
		72D2915C27B5731200CCCC81 /* AppDelegate.swift */ = {isa = PBXFileReference; lastKnownFileType = sourcecode.swift; path = AppDelegate.swift; sourceTree = "<group>"; };
		72D2915E27B5731200CCCC81 /* SceneDelegate.swift */ = {isa = PBXFileReference; lastKnownFileType = sourcecode.swift; path = SceneDelegate.swift; sourceTree = "<group>"; };
		72D2916027B5731200CCCC81 /* ViewController.swift */ = {isa = PBXFileReference; lastKnownFileType = sourcecode.swift; path = ViewController.swift; sourceTree = "<group>"; };
		72D2916327B5731200CCCC81 /* Base */ = {isa = PBXFileReference; lastKnownFileType = file.storyboard; name = Base; path = Base.lproj/Main.storyboard; sourceTree = "<group>"; };
		72D2916527B5731400CCCC81 /* Assets.xcassets */ = {isa = PBXFileReference; lastKnownFileType = folder.assetcatalog; path = Assets.xcassets; sourceTree = "<group>"; };
		72D2916827B5731400CCCC81 /* Base */ = {isa = PBXFileReference; lastKnownFileType = file.storyboard; name = Base; path = Base.lproj/LaunchScreen.storyboard; sourceTree = "<group>"; };
		72D2916A27B5731400CCCC81 /* Info.plist */ = {isa = PBXFileReference; lastKnownFileType = text.plist.xml; path = Info.plist; sourceTree = "<group>"; };
		72D2916F27B5731400CCCC81 /* WaterProgressBarTests.xctest */ = {isa = PBXFileReference; explicitFileType = wrapper.cfbundle; includeInIndex = 0; path = WaterProgressBarTests.xctest; sourceTree = BUILT_PRODUCTS_DIR; };
		72D2917327B5731400CCCC81 /* WaterProgressBarTests.swift */ = {isa = PBXFileReference; lastKnownFileType = sourcecode.swift; path = WaterProgressBarTests.swift; sourceTree = "<group>"; };
		72D2917927B5731400CCCC81 /* WaterProgressBarUITests.xctest */ = {isa = PBXFileReference; explicitFileType = wrapper.cfbundle; includeInIndex = 0; path = WaterProgressBarUITests.xctest; sourceTree = BUILT_PRODUCTS_DIR; };
		72D2917D27B5731400CCCC81 /* WaterProgressBarUITests.swift */ = {isa = PBXFileReference; lastKnownFileType = sourcecode.swift; path = WaterProgressBarUITests.swift; sourceTree = "<group>"; };
		72D2917F27B5731400CCCC81 /* WaterProgressBarUITestsLaunchTests.swift */ = {isa = PBXFileReference; lastKnownFileType = sourcecode.swift; path = WaterProgressBarUITestsLaunchTests.swift; sourceTree = "<group>"; };
/* End PBXFileReference section */

/* Begin PBXFrameworksBuildPhase section */
		72D2915627B5731200CCCC81 /* Frameworks */ = {
			isa = PBXFrameworksBuildPhase;
			buildActionMask = 2147483647;
			files = (
			);
			runOnlyForDeploymentPostprocessing = 0;
		};
		72D2916C27B5731400CCCC81 /* Frameworks */ = {
			isa = PBXFrameworksBuildPhase;
			buildActionMask = 2147483647;
			files = (
			);
			runOnlyForDeploymentPostprocessing = 0;
		};
		72D2917627B5731400CCCC81 /* Frameworks */ = {
			isa = PBXFrameworksBuildPhase;
			buildActionMask = 2147483647;
			files = (
			);
			runOnlyForDeploymentPostprocessing = 0;
		};
/* End PBXFrameworksBuildPhase section */

/* Begin PBXGroup section */
		72D2915027B5731100CCCC81 = {
			isa = PBXGroup;
			children = (
				72D2915B27B5731200CCCC81 /* WaterProgressBar */,
				72D2917227B5731400CCCC81 /* WaterProgressBarTests */,
				72D2917C27B5731400CCCC81 /* WaterProgressBarUITests */,
				72D2915A27B5731200CCCC81 /* Products */,
			);
			sourceTree = "<group>";
		};
		72D2915A27B5731200CCCC81 /* Products */ = {
			isa = PBXGroup;
			children = (
				72D2915927B5731200CCCC81 /* WaterProgressBar.app */,
				72D2916F27B5731400CCCC81 /* WaterProgressBarTests.xctest */,
				72D2917927B5731400CCCC81 /* WaterProgressBarUITests.xctest */,
			);
			name = Products;
			sourceTree = "<group>";
		};
		72D2915B27B5731200CCCC81 /* WaterProgressBar */ = {
			isa = PBXGroup;
			children = (
				72D2915C27B5731200CCCC81 /* AppDelegate.swift */,
				72D2915E27B5731200CCCC81 /* SceneDelegate.swift */,
				72D2916027B5731200CCCC81 /* ViewController.swift */,
				72D2916227B5731200CCCC81 /* Main.storyboard */,
				72D2916527B5731400CCCC81 /* Assets.xcassets */,
				72D2916727B5731400CCCC81 /* LaunchScreen.storyboard */,
				72D2916A27B5731400CCCC81 /* Info.plist */,
			);
			path = WaterProgressBar;
			sourceTree = "<group>";
		};
		72D2917227B5731400CCCC81 /* WaterProgressBarTests */ = {
			isa = PBXGroup;
			children = (
				72D2917327B5731400CCCC81 /* WaterProgressBarTests.swift */,
			);
			path = WaterProgressBarTests;
			sourceTree = "<group>";
		};
		72D2917C27B5731400CCCC81 /* WaterProgressBarUITests */ = {
			isa = PBXGroup;
			children = (
				72D2917D27B5731400CCCC81 /* WaterProgressBarUITests.swift */,
				72D2917F27B5731400CCCC81 /* WaterProgressBarUITestsLaunchTests.swift */,
			);
			path = WaterProgressBarUITests;
			sourceTree = "<group>";
		};
/* End PBXGroup section */

/* Begin PBXNativeTarget section */
		72D2915827B5731200CCCC81 /* WaterProgressBar */ = {
			isa = PBXNativeTarget;
			buildConfigurationList = 72D2918327B5731400CCCC81 /* Build configuration list for PBXNativeTarget "WaterProgressBar" */;
			buildPhases = (
				72D2915527B5731200CCCC81 /* Sources */,
				72D2915627B5731200CCCC81 /* Frameworks */,
				72D2915727B5731200CCCC81 /* Resources */,
			);
			buildRules = (
			);
			dependencies = (
			);
			name = WaterProgressBar;
			productName = WaterProgressBar;
			productReference = 72D2915927B5731200CCCC81 /* WaterProgressBar.app */;
			productType = "com.apple.product-type.application";
		};
		72D2916E27B5731400CCCC81 /* WaterProgressBarTests */ = {
			isa = PBXNativeTarget;
			buildConfigurationList = 72D2918627B5731400CCCC81 /* Build configuration list for PBXNativeTarget "WaterProgressBarTests" */;
			buildPhases = (
				72D2916B27B5731400CCCC81 /* Sources */,
				72D2916C27B5731400CCCC81 /* Frameworks */,
				72D2916D27B5731400CCCC81 /* Resources */,
			);
			buildRules = (
			);
			dependencies = (
				72D2917127B5731400CCCC81 /* PBXTargetDependency */,
			);
			name = WaterProgressBarTests;
			productName = WaterProgressBarTests;
			productReference = 72D2916F27B5731400CCCC81 /* WaterProgressBarTests.xctest */;
			productType = "com.apple.product-type.bundle.unit-test";
		};
		72D2917827B5731400CCCC81 /* WaterProgressBarUITests */ = {
			isa = PBXNativeTarget;
			buildConfigurationList = 72D2918927B5731400CCCC81 /* Build configuration list for PBXNativeTarget "WaterProgressBarUITests" */;
			buildPhases = (
				72D2917527B5731400CCCC81 /* Sources */,
				72D2917627B5731400CCCC81 /* Frameworks */,
				72D2917727B5731400CCCC81 /* Resources */,
			);
			buildRules = (
			);
			dependencies = (
				72D2917B27B5731400CCCC81 /* PBXTargetDependency */,
			);
			name = WaterProgressBarUITests;
			productName = WaterProgressBarUITests;
			productReference = 72D2917927B5731400CCCC81 /* WaterProgressBarUITests.xctest */;
			productType = "com.apple.product-type.bundle.ui-testing";
		};
/* End PBXNativeTarget section */

/* Begin PBXProject section */
		72D2915127B5731100CCCC81 /* Project object */ = {
			isa = PBXProject;
			attributes = {
				BuildIndependentTargetsInParallel = 1;
				LastSwiftUpdateCheck = 1320;
				LastUpgradeCheck = 1320;
				TargetAttributes = {
					72D2915827B5731200CCCC81 = {
						CreatedOnToolsVersion = 13.2.1;
					};
					72D2916E27B5731400CCCC81 = {
						CreatedOnToolsVersion = 13.2.1;
						TestTargetID = 72D2915827B5731200CCCC81;
					};
					72D2917827B5731400CCCC81 = {
						CreatedOnToolsVersion = 13.2.1;
						TestTargetID = 72D2915827B5731200CCCC81;
					};
				};
			};
			buildConfigurationList = 72D2915427B5731100CCCC81 /* Build configuration list for PBXProject "WaterProgressBar" */;
			compatibilityVersion = "Xcode 13.0";
			developmentRegion = en;
			hasScannedForEncodings = 0;
			knownRegions = (
				en,
				Base,
			);
			mainGroup = 72D2915027B5731100CCCC81;
			productRefGroup = 72D2915A27B5731200CCCC81 /* Products */;
			projectDirPath = "";
			projectRoot = "";
			targets = (
				72D2915827B5731200CCCC81 /* WaterProgressBar */,
				72D2916E27B5731400CCCC81 /* WaterProgressBarTests */,
				72D2917827B5731400CCCC81 /* WaterProgressBarUITests */,
			);
		};
/* End PBXProject section */

/* Begin PBXResourcesBuildPhase section */
		72D2915727B5731200CCCC81 /* Resources */ = {
			isa = PBXResourcesBuildPhase;
			buildActionMask = 2147483647;
			files = (
				72D2916927B5731400CCCC81 /* LaunchScreen.storyboard in Resources */,
				72D2916627B5731400CCCC81 /* Assets.xcassets in Resources */,
				72D2916427B5731200CCCC81 /* Main.storyboard in Resources */,
			);
			runOnlyForDeploymentPostprocessing = 0;
		};
		72D2916D27B5731400CCCC81 /* Resources */ = {
			isa = PBXResourcesBuildPhase;
			buildActionMask = 2147483647;
			files = (
			);
			runOnlyForDeploymentPostprocessing = 0;
		};
		72D2917727B5731400CCCC81 /* Resources */ = {
			isa = PBXResourcesBuildPhase;
			buildActionMask = 2147483647;
			files = (
			);
			runOnlyForDeploymentPostprocessing = 0;
		};
/* End PBXResourcesBuildPhase section */

/* Begin PBXSourcesBuildPhase section */
		72D2915527B5731200CCCC81 /* Sources */ = {
			isa = PBXSourcesBuildPhase;
			buildActionMask = 2147483647;
			files = (
				72D2916127B5731200CCCC81 /* ViewController.swift in Sources */,
				72D2915D27B5731200CCCC81 /* AppDelegate.swift in Sources */,
				72D2915F27B5731200CCCC81 /* SceneDelegate.swift in Sources */,
			);
			runOnlyForDeploymentPostprocessing = 0;
		};
		72D2916B27B5731400CCCC81 /* Sources */ = {
			isa = PBXSourcesBuildPhase;
			buildActionMask = 2147483647;
			files = (
				72D2917427B5731400CCCC81 /* WaterProgressBarTests.swift in Sources */,
			);
			runOnlyForDeploymentPostprocessing = 0;
		};
		72D2917527B5731400CCCC81 /* Sources */ = {
			isa = PBXSourcesBuildPhase;
			buildActionMask = 2147483647;
			files = (
				72D2917E27B5731400CCCC81 /* WaterProgressBarUITests.swift in Sources */,
				72D2918027B5731400CCCC81 /* WaterProgressBarUITestsLaunchTests.swift in Sources */,
			);
			runOnlyForDeploymentPostprocessing = 0;
		};
/* End PBXSourcesBuildPhase section */

/* Begin PBXTargetDependency section */
		72D2917127B5731400CCCC81 /* PBXTargetDependency */ = {
			isa = PBXTargetDependency;
			target = 72D2915827B5731200CCCC81 /* WaterProgressBar */;
			targetProxy = 72D2917027B5731400CCCC81 /* PBXContainerItemProxy */;
		};
		72D2917B27B5731400CCCC81 /* PBXTargetDependency */ = {
			isa = PBXTargetDependency;
			target = 72D2915827B5731200CCCC81 /* WaterProgressBar */;
			targetProxy = 72D2917A27B5731400CCCC81 /* PBXContainerItemProxy */;
		};
/* End PBXTargetDependency section */

/* Begin PBXVariantGroup section */
		72D2916227B5731200CCCC81 /* Main.storyboard */ = {
			isa = PBXVariantGroup;
			children = (
				72D2916327B5731200CCCC81 /* Base */,
			);
			name = Main.storyboard;
			sourceTree = "<group>";
		};
		72D2916727B5731400CCCC81 /* LaunchScreen.storyboard */ = {
			isa = PBXVariantGroup;
			children = (
				72D2916827B5731400CCCC81 /* Base */,
			);
			name = LaunchScreen.storyboard;
			sourceTree = "<group>";
		};
/* End PBXVariantGroup section */

/* Begin XCBuildConfiguration section */
		72D2918127B5731400CCCC81 /* Debug */ = {
			isa = XCBuildConfiguration;
			buildSettings = {
				ALWAYS_SEARCH_USER_PATHS = NO;
				CLANG_ANALYZER_NONNULL = YES;
				CLANG_ANALYZER_NUMBER_OBJECT_CONVERSION = YES_AGGRESSIVE;
				CLANG_CXX_LANGUAGE_STANDARD = "gnu++17";
				CLANG_CXX_LIBRARY = "libc++";
				CLANG_ENABLE_MODULES = YES;
				CLANG_ENABLE_OBJC_ARC = YES;
				CLANG_ENABLE_OBJC_WEAK = YES;
				CLANG_WARN_BLOCK_CAPTURE_AUTORELEASING = YES;
				CLANG_WARN_BOOL_CONVERSION = YES;
				CLANG_WARN_COMMA = YES;
				CLANG_WARN_CONSTANT_CONVERSION = YES;
				CLANG_WARN_DEPRECATED_OBJC_IMPLEMENTATIONS = YES;
				CLANG_WARN_DIRECT_OBJC_ISA_USAGE = YES_ERROR;
				CLANG_WARN_DOCUMENTATION_COMMENTS = YES;
				CLANG_WARN_EMPTY_BODY = YES;
				CLANG_WARN_ENUM_CONVERSION = YES;
				CLANG_WARN_INFINITE_RECURSION = YES;
				CLANG_WARN_INT_CONVERSION = YES;
				CLANG_WARN_NON_LITERAL_NULL_CONVERSION = YES;
				CLANG_WARN_OBJC_IMPLICIT_RETAIN_SELF = YES;
				CLANG_WARN_OBJC_LITERAL_CONVERSION = YES;
				CLANG_WARN_OBJC_ROOT_CLASS = YES_ERROR;
				CLANG_WARN_QUOTED_INCLUDE_IN_FRAMEWORK_HEADER = YES;
				CLANG_WARN_RANGE_LOOP_ANALYSIS = YES;
				CLANG_WARN_STRICT_PROTOTYPES = YES;
				CLANG_WARN_SUSPICIOUS_MOVE = YES;
				CLANG_WARN_UNGUARDED_AVAILABILITY = YES_AGGRESSIVE;
				CLANG_WARN_UNREACHABLE_CODE = YES;
				CLANG_WARN__DUPLICATE_METHOD_MATCH = YES;
				COPY_PHASE_STRIP = NO;
				DEBUG_INFORMATION_FORMAT = dwarf;
				ENABLE_STRICT_OBJC_MSGSEND = YES;
				ENABLE_TESTABILITY = YES;
				GCC_C_LANGUAGE_STANDARD = gnu11;
				GCC_DYNAMIC_NO_PIC = NO;
				GCC_NO_COMMON_BLOCKS = YES;
				GCC_OPTIMIZATION_LEVEL = 0;
				GCC_PREPROCESSOR_DEFINITIONS = (
					"DEBUG=1",
					"$(inherited)",
				);
				GCC_WARN_64_TO_32_BIT_CONVERSION = YES;
				GCC_WARN_ABOUT_RETURN_TYPE = YES_ERROR;
				GCC_WARN_UNDECLARED_SELECTOR = YES;
				GCC_WARN_UNINITIALIZED_AUTOS = YES_AGGRESSIVE;
				GCC_WARN_UNUSED_FUNCTION = YES;
				GCC_WARN_UNUSED_VARIABLE = YES;
				IPHONEOS_DEPLOYMENT_TARGET = 15.2;
				MTL_ENABLE_DEBUG_INFO = INCLUDE_SOURCE;
				MTL_FAST_MATH = YES;
				ONLY_ACTIVE_ARCH = YES;
				SDKROOT = iphoneos;
				SWIFT_ACTIVE_COMPILATION_CONDITIONS = DEBUG;
				SWIFT_OPTIMIZATION_LEVEL = "-Onone";
			};
			name = Debug;
		};
		72D2918227B5731400CCCC81 /* Release */ = {
			isa = XCBuildConfiguration;
			buildSettings = {
				ALWAYS_SEARCH_USER_PATHS = NO;
				CLANG_ANALYZER_NONNULL = YES;
				CLANG_ANALYZER_NUMBER_OBJECT_CONVERSION = YES_AGGRESSIVE;
				CLANG_CXX_LANGUAGE_STANDARD = "gnu++17";
				CLANG_CXX_LIBRARY = "libc++";
				CLANG_ENABLE_MODULES = YES;
				CLANG_ENABLE_OBJC_ARC = YES;
				CLANG_ENABLE_OBJC_WEAK = YES;
				CLANG_WARN_BLOCK_CAPTURE_AUTORELEASING = YES;
				CLANG_WARN_BOOL_CONVERSION = YES;
				CLANG_WARN_COMMA = YES;
				CLANG_WARN_CONSTANT_CONVERSION = YES;
				CLANG_WARN_DEPRECATED_OBJC_IMPLEMENTATIONS = YES;
				CLANG_WARN_DIRECT_OBJC_ISA_USAGE = YES_ERROR;
				CLANG_WARN_DOCUMENTATION_COMMENTS = YES;
				CLANG_WARN_EMPTY_BODY = YES;
				CLANG_WARN_ENUM_CONVERSION = YES;
				CLANG_WARN_INFINITE_RECURSION = YES;
				CLANG_WARN_INT_CONVERSION = YES;
				CLANG_WARN_NON_LITERAL_NULL_CONVERSION = YES;
				CLANG_WARN_OBJC_IMPLICIT_RETAIN_SELF = YES;
				CLANG_WARN_OBJC_LITERAL_CONVERSION = YES;
				CLANG_WARN_OBJC_ROOT_CLASS = YES_ERROR;
				CLANG_WARN_QUOTED_INCLUDE_IN_FRAMEWORK_HEADER = YES;
				CLANG_WARN_RANGE_LOOP_ANALYSIS = YES;
				CLANG_WARN_STRICT_PROTOTYPES = YES;
				CLANG_WARN_SUSPICIOUS_MOVE = YES;
				CLANG_WARN_UNGUARDED_AVAILABILITY = YES_AGGRESSIVE;
				CLANG_WARN_UNREACHABLE_CODE = YES;
				CLANG_WARN__DUPLICATE_METHOD_MATCH = YES;
				COPY_PHASE_STRIP = NO;
				DEBUG_INFORMATION_FORMAT = "dwarf-with-dsym";
				ENABLE_NS_ASSERTIONS = NO;
				ENABLE_STRICT_OBJC_MSGSEND = YES;
				GCC_C_LANGUAGE_STANDARD = gnu11;
				GCC_NO_COMMON_BLOCKS = YES;
				GCC_WARN_64_TO_32_BIT_CONVERSION = YES;
				GCC_WARN_ABOUT_RETURN_TYPE = YES_ERROR;
				GCC_WARN_UNDECLARED_SELECTOR = YES;
				GCC_WARN_UNINITIALIZED_AUTOS = YES_AGGRESSIVE;
				GCC_WARN_UNUSED_FUNCTION = YES;
				GCC_WARN_UNUSED_VARIABLE = YES;
				IPHONEOS_DEPLOYMENT_TARGET = 15.2;
				MTL_ENABLE_DEBUG_INFO = NO;
				MTL_FAST_MATH = YES;
				SDKROOT = iphoneos;
				SWIFT_COMPILATION_MODE = wholemodule;
				SWIFT_OPTIMIZATION_LEVEL = "-O";
				VALIDATE_PRODUCT = YES;
			};
			name = Release;
		};
		72D2918427B5731400CCCC81 /* Debug */ = {
			isa = XCBuildConfiguration;
			buildSettings = {
				ASSETCATALOG_COMPILER_APPICON_NAME = AppIcon;
				ASSETCATALOG_COMPILER_GLOBAL_ACCENT_COLOR_NAME = AccentColor;
				CODE_SIGN_STYLE = Automatic;
				CURRENT_PROJECT_VERSION = 1;
				DEVELOPMENT_TEAM = LX6FM7A779;
				GENERATE_INFOPLIST_FILE = YES;
				INFOPLIST_FILE = WaterProgressBar/Info.plist;
				INFOPLIST_KEY_UIApplicationSupportsIndirectInputEvents = YES;
				INFOPLIST_KEY_UILaunchStoryboardName = LaunchScreen;
				INFOPLIST_KEY_UIMainStoryboardFile = Main;
				INFOPLIST_KEY_UISupportedInterfaceOrientations_iPad = "UIInterfaceOrientationPortrait UIInterfaceOrientationPortraitUpsideDown UIInterfaceOrientationLandscapeLeft UIInterfaceOrientationLandscapeRight";
				INFOPLIST_KEY_UISupportedInterfaceOrientations_iPhone = "UIInterfaceOrientationPortrait UIInterfaceOrientationLandscapeLeft UIInterfaceOrientationLandscapeRight";
				LD_RUNPATH_SEARCH_PATHS = (
					"$(inherited)",
					"@executable_path/Frameworks",
				);
				MARKETING_VERSION = 1.0;
				PRODUCT_BUNDLE_IDENTIFIER = com.WaterProgressBar;
				PRODUCT_NAME = "$(TARGET_NAME)";
				SWIFT_EMIT_LOC_STRINGS = YES;
				SWIFT_VERSION = 5.0;
				TARGETED_DEVICE_FAMILY = "1,2";
			};
			name = Debug;
		};
		72D2918527B5731400CCCC81 /* Release */ = {
			isa = XCBuildConfiguration;
			buildSettings = {
				ASSETCATALOG_COMPILER_APPICON_NAME = AppIcon;
				ASSETCATALOG_COMPILER_GLOBAL_ACCENT_COLOR_NAME = AccentColor;
				CODE_SIGN_STYLE = Automatic;
				CURRENT_PROJECT_VERSION = 1;
				DEVELOPMENT_TEAM = LX6FM7A779;
				GENERATE_INFOPLIST_FILE = YES;
				INFOPLIST_FILE = WaterProgressBar/Info.plist;
				INFOPLIST_KEY_UIApplicationSupportsIndirectInputEvents = YES;
				INFOPLIST_KEY_UILaunchStoryboardName = LaunchScreen;
				INFOPLIST_KEY_UIMainStoryboardFile = Main;
				INFOPLIST_KEY_UISupportedInterfaceOrientations_iPad = "UIInterfaceOrientationPortrait UIInterfaceOrientationPortraitUpsideDown UIInterfaceOrientationLandscapeLeft UIInterfaceOrientationLandscapeRight";
				INFOPLIST_KEY_UISupportedInterfaceOrientations_iPhone = "UIInterfaceOrientationPortrait UIInterfaceOrientationLandscapeLeft UIInterfaceOrientationLandscapeRight";
				LD_RUNPATH_SEARCH_PATHS = (
					"$(inherited)",
					"@executable_path/Frameworks",
				);
				MARKETING_VERSION = 1.0;
				PRODUCT_BUNDLE_IDENTIFIER = com.WaterProgressBar;
				PRODUCT_NAME = "$(TARGET_NAME)";
				SWIFT_EMIT_LOC_STRINGS = YES;
				SWIFT_VERSION = 5.0;
				TARGETED_DEVICE_FAMILY = "1,2";
			};
			name = Release;
		};
		72D2918727B5731400CCCC81 /* Debug */ = {
			isa = XCBuildConfiguration;
			buildSettings = {
				ALWAYS_EMBED_SWIFT_STANDARD_LIBRARIES = YES;
				BUNDLE_LOADER = "$(TEST_HOST)";
				CODE_SIGN_STYLE = Automatic;
				CURRENT_PROJECT_VERSION = 1;
				DEVELOPMENT_TEAM = LX6FM7A779;
				GENERATE_INFOPLIST_FILE = YES;
				IPHONEOS_DEPLOYMENT_TARGET = 15.2;
				MARKETING_VERSION = 1.0;
				PRODUCT_BUNDLE_IDENTIFIER = com.WaterProgressBarTests;
				PRODUCT_NAME = "$(TARGET_NAME)";
				SWIFT_EMIT_LOC_STRINGS = NO;
				SWIFT_VERSION = 5.0;
				TARGETED_DEVICE_FAMILY = "1,2";
				TEST_HOST = "$(BUILT_PRODUCTS_DIR)/WaterProgressBar.app/WaterProgressBar";
			};
			name = Debug;
		};
		72D2918827B5731400CCCC81 /* Release */ = {
			isa = XCBuildConfiguration;
			buildSettings = {
				ALWAYS_EMBED_SWIFT_STANDARD_LIBRARIES = YES;
				BUNDLE_LOADER = "$(TEST_HOST)";
				CODE_SIGN_STYLE = Automatic;
				CURRENT_PROJECT_VERSION = 1;
				DEVELOPMENT_TEAM = LX6FM7A779;
				GENERATE_INFOPLIST_FILE = YES;
				IPHONEOS_DEPLOYMENT_TARGET = 15.2;
				MARKETING_VERSION = 1.0;
				PRODUCT_BUNDLE_IDENTIFIER = com.WaterProgressBarTests;
				PRODUCT_NAME = "$(TARGET_NAME)";
				SWIFT_EMIT_LOC_STRINGS = NO;
				SWIFT_VERSION = 5.0;
				TARGETED_DEVICE_FAMILY = "1,2";
				TEST_HOST = "$(BUILT_PRODUCTS_DIR)/WaterProgressBar.app/WaterProgressBar";
			};
			name = Release;
		};
		72D2918A27B5731400CCCC81 /* Debug */ = {
			isa = XCBuildConfiguration;
			buildSettings = {
				ALWAYS_EMBED_SWIFT_STANDARD_LIBRARIES = YES;
				CODE_SIGN_STYLE = Automatic;
				CURRENT_PROJECT_VERSION = 1;
				DEVELOPMENT_TEAM = LX6FM7A779;
				GENERATE_INFOPLIST_FILE = YES;
				MARKETING_VERSION = 1.0;
				PRODUCT_BUNDLE_IDENTIFIER = com.WaterProgressBarUITests;
				PRODUCT_NAME = "$(TARGET_NAME)";
				SWIFT_EMIT_LOC_STRINGS = NO;
				SWIFT_VERSION = 5.0;
				TARGETED_DEVICE_FAMILY = "1,2";
				TEST_TARGET_NAME = WaterProgressBar;
			};
			name = Debug;
		};
		72D2918B27B5731400CCCC81 /* Release */ = {
			isa = XCBuildConfiguration;
			buildSettings = {
				ALWAYS_EMBED_SWIFT_STANDARD_LIBRARIES = YES;
				CODE_SIGN_STYLE = Automatic;
				CURRENT_PROJECT_VERSION = 1;
				DEVELOPMENT_TEAM = LX6FM7A779;
				GENERATE_INFOPLIST_FILE = YES;
				MARKETING_VERSION = 1.0;
				PRODUCT_BUNDLE_IDENTIFIER = com.WaterProgressBarUITests;
				PRODUCT_NAME = "$(TARGET_NAME)";
				SWIFT_EMIT_LOC_STRINGS = NO;
				SWIFT_VERSION = 5.0;
				TARGETED_DEVICE_FAMILY = "1,2";
				TEST_TARGET_NAME = WaterProgressBar;
			};
			name = Release;
		};
/* End XCBuildConfiguration section */

/* Begin XCConfigurationList section */
		72D2915427B5731100CCCC81 /* Build configuration list for PBXProject "WaterProgressBar" */ = {
			isa = XCConfigurationList;
			buildConfigurations = (
				72D2918127B5731400CCCC81 /* Debug */,
				72D2918227B5731400CCCC81 /* Release */,
			);
			defaultConfigurationIsVisible = 0;
			defaultConfigurationName = Release;
		};
		72D2918327B5731400CCCC81 /* Build configuration list for PBXNativeTarget "WaterProgressBar" */ = {
			isa = XCConfigurationList;
			buildConfigurations = (
				72D2918427B5731400CCCC81 /* Debug */,
				72D2918527B5731400CCCC81 /* Release */,
			);
			defaultConfigurationIsVisible = 0;
			defaultConfigurationName = Release;
		};
		72D2918627B5731400CCCC81 /* Build configuration list for PBXNativeTarget "WaterProgressBarTests" */ = {
			isa = XCConfigurationList;
			buildConfigurations = (
				72D2918727B5731400CCCC81 /* Debug */,
				72D2918827B5731400CCCC81 /* Release */,
			);
			defaultConfigurationIsVisible = 0;
			defaultConfigurationName = Release;
		};
		72D2918927B5731400CCCC81 /* Build configuration list for PBXNativeTarget "WaterProgressBarUITests" */ = {
			isa = XCConfigurationList;
			buildConfigurations = (
				72D2918A27B5731400CCCC81 /* Debug */,
				72D2918B27B5731400CCCC81 /* Release */,
			);
			defaultConfigurationIsVisible = 0;
			defaultConfigurationName = Release;
		};
/* End XCConfigurationList section */
	};
	rootObject = 72D2915127B5731100CCCC81 /* Project object */;
}
